{
  "nodes": {
    "flake-utils": {
      "locked": {
        "lastModified": 1642700792,
        "narHash": "sha256-XqHrk7hFb+zBvRg6Ghl+AZDq03ov6OshJLiSWOoX5es=",
        "owner": "numtide",
        "repo": "flake-utils",
        "rev": "846b2ae0fc4cc943637d3d1def4454213e203cba",
        "type": "github"
      },
      "original": {
        "owner": "numtide",
        "repo": "flake-utils",
        "type": "github"
      }
    },
    "melorun-repo": {
      "flake": false,
      "locked": {
        "lastModified": 1643661412,
        "narHash": "sha256-19cUoyVzC9OFaO32lDC75CwasvLW3YcjTGGfNeeaPuA=",
        "owner": "themeliolabs",
        "repo": "melorun",
        "rev": "b19da90c0280ff0e4f8f1cac153ecd3b418d1bd0",
        "type": "github"
      },
      "original": {
        "owner": "themeliolabs",
        "repo": "melorun",
        "type": "github"
      }
    },
    "mozilla": {
      "flake": false,
      "locked": {
        "lastModified": 1643634764,
        "narHash": "sha256-EcFlgzZnZSHwZixELYV1pa267t+u5mCeLhSNBeAA/+c=",
        "owner": "mozilla",
        "repo": "nixpkgs-mozilla",
        "rev": "f233fdc4ff6ba2ffeb1e3e3cd6d63bb1297d6996",
        "type": "github"
      },
      "original": {
        "owner": "mozilla",
        "repo": "nixpkgs-mozilla",
        "type": "github"
      }
    },
    "naersk": {
      "inputs": {
        "nixpkgs": "nixpkgs"
      },
      "locked": {
        "lastModified": 1639947939,
        "narHash": "sha256-pGsM8haJadVP80GFq4xhnSpNitYNQpaXk4cnA796Cso=",
        "owner": "nix-community",
        "repo": "naersk",
        "rev": "2fc8ce9d3c025d59fee349c1f80be9785049d653",
        "type": "github"
      },
      "original": {
        "owner": "nix-community",
        "repo": "naersk",
        "type": "github"
      }
    },
    "nixpkgs": {
      "locked": {
        "lastModified": 1641850495,
        "narHash": "sha256-V+luTtgE/W1ldiGJBPGjjBw6B+yKG62owwOs/Kj9fI8=",
        "owner": "NixOS",
        "repo": "nixpkgs",
        "rev": "81f05d871faf75d1456df6adec1d2118d787f65c",
        "type": "github"
      },
      "original": {
        "id": "nixpkgs",
        "type": "indirect"
      }
    },
    "nixpkgs_2": {
      "locked": {
        "lastModified": 1643592650,
        "narHash": "sha256-+sRq+O/rJz4rp0lqQvzoaJNtSrYfImtjWgAgbfgiigs=",
        "owner": "nixos",
        "repo": "nixpkgs",
        "rev": "ceaca998029d4b1ac7fd2bee985a3b0f37a786b5",
        "type": "github"
      },
      "original": {
        "owner": "nixos",
        "ref": "nixos-21.11",
        "repo": "nixpkgs",
        "type": "github"
      }
    },
    "root": {
      "inputs": {
        "flake-utils": "flake-utils",
        "melorun-repo": "melorun-repo",
        "mozilla": "mozilla",
        "naersk": "naersk",
        "nixpkgs": "nixpkgs_2"
      }
    }
  },
  "root": "root",
  "version": 7
}
